
Microsoft Visual Studio Solution File, Format Version 12.00
# Visual Studio 15
VisualStudioVersion = 15.0.28010.2026
MinimumVisualStudioVersion = 10.0.40219.1
Project("{FAE04EC0-301F-11D3-BF4B-00C04F79EFBC}") = "parser autome", "parser autome\parser autome.csproj", "{8DC6F4D2-A6BE-4D2B-A9C8-A4F71DFA58A7}"
EndProject
Global
	GlobalSection(SolutionConfigurationPlatforms) = preSolution
		Debug|Any CPU = Debug|Any CPU
		Release|Any CPU = Release|Any CPU
	EndGlobalSection
	GlobalSection(ProjectConfigurationPlatforms) = postSolution
		{8DC6F4D2-A6BE-4D2B-A9C8-A4F71DFA58A7}.Debug|Any CPU.ActiveCfg = Debug|Any CPU
		{8DC6F4D2-A6BE-4D2B-A9C8-A4F71DFA58A7}.Debug|Any CPU.Build.0 = Debug|Any CPU
		{8DC6F4D2-A6BE-4D2B-A9C8-A4F71DFA58A7}.Release|Any CPU.ActiveCfg = Release|Any CPU
		{8DC6F4D2-A6BE-4D2B-A9C8-A4F71DFA58A7}.Release|Any CPU.Build.0 = Release|Any CPU
	EndGlobalSection
	GlobalSection(SolutionProperties) = preSolution
		HideSolutionNode = FALSE
	EndGlobalSection
	GlobalSection(ExtensibilityGlobals) = postSolution
		SolutionGuid = {FD62DACD-F551-40D4-9718-A3A9C604B349}
	EndGlobalSection
EndGlobal
